
Microsoft Visual Studio Solution File, Format Version 12.00
# Visual Studio 2013
VisualStudioVersion = 12.0.31101.0
MinimumVisualStudioVersion = 10.0.40219.1
Project("{FAE04EC0-301F-11D3-BF4B-00C04F79EFBC}") = "Identity.Web", "Identity.Web\Identity.Web.csproj", "{AF90579A-7A77-4AF8-B3CD-30BBFDC6F508}"
EndProject
Project("{FAE04EC0-301F-11D3-BF4B-00C04F79EFBC}") = "Identity.Core", "Identity.Core\Identity.Core.csproj", "{43FF1E55-C6B2-451F-B6A0-4DA2B5072F9F}"
EndProject
Project("{00D1A9C2-B5F0-4AF3-8072-F6C62B433612}") = "Identity.Database", "Identity.Database\Identity.Database.sqlproj", "{50AEEF92-DE2D-49E2-9649-4F1C260587E3}"
EndProject
Global
	GlobalSection(SolutionConfigurationPlatforms) = preSolution
		Debug|Any CPU = Debug|Any CPU
		Release|Any CPU = Release|Any CPU
	EndGlobalSection
	GlobalSection(ProjectConfigurationPlatforms) = postSolution
		{AF90579A-7A77-4AF8-B3CD-30BBFDC6F508}.Debug|Any CPU.ActiveCfg = Debug|Any CPU
		{AF90579A-7A77-4AF8-B3CD-30BBFDC6F508}.Debug|Any CPU.Build.0 = Debug|Any CPU
		{AF90579A-7A77-4AF8-B3CD-30BBFDC6F508}.Release|Any CPU.ActiveCfg = Release|Any CPU
		{AF90579A-7A77-4AF8-B3CD-30BBFDC6F508}.Release|Any CPU.Build.0 = Release|Any CPU
		{43FF1E55-C6B2-451F-B6A0-4DA2B5072F9F}.Debug|Any CPU.ActiveCfg = Debug|Any CPU
		{43FF1E55-C6B2-451F-B6A0-4DA2B5072F9F}.Debug|Any CPU.Build.0 = Debug|Any CPU
		{43FF1E55-C6B2-451F-B6A0-4DA2B5072F9F}.Release|Any CPU.ActiveCfg = Release|Any CPU
		{43FF1E55-C6B2-451F-B6A0-4DA2B5072F9F}.Release|Any CPU.Build.0 = Release|Any CPU
		{50AEEF92-DE2D-49E2-9649-4F1C260587E3}.Debug|Any CPU.ActiveCfg = Debug|Any CPU
		{50AEEF92-DE2D-49E2-9649-4F1C260587E3}.Debug|Any CPU.Build.0 = Debug|Any CPU
		{50AEEF92-DE2D-49E2-9649-4F1C260587E3}.Debug|Any CPU.Deploy.0 = Debug|Any CPU
		{50AEEF92-DE2D-49E2-9649-4F1C260587E3}.Release|Any CPU.ActiveCfg = Release|Any CPU
		{50AEEF92-DE2D-49E2-9649-4F1C260587E3}.Release|Any CPU.Build.0 = Release|Any CPU
		{50AEEF92-DE2D-49E2-9649-4F1C260587E3}.Release|Any CPU.Deploy.0 = Release|Any CPU
	EndGlobalSection
	GlobalSection(SolutionProperties) = preSolution
		HideSolutionNode = FALSE
	EndGlobalSection
EndGlobal
